
Microsoft Visual Studio Solution File, Format Version 11.00
# Visual Studio 2010
# SharpDevelop 5.1
Project("{FAE04EC0-301F-11D3-BF4B-00C04F79EFBC}") = "OOP_RESH_L2", "OOP_RESH_L2\OOP_RESH_L2.csproj", "{AADD5D95-83C0-4B52-9452-740BAB215142}"
EndProject
Global
	GlobalSection(SolutionConfigurationPlatforms) = preSolution
		Debug|Any CPU = Debug|Any CPU
		Release|Any CPU = Release|Any CPU
	EndGlobalSection
	GlobalSection(ProjectConfigurationPlatforms) = postSolution
		{AADD5D95-83C0-4B52-9452-740BAB215142}.Debug|Any CPU.ActiveCfg = Debug|Any CPU
		{AADD5D95-83C0-4B52-9452-740BAB215142}.Debug|Any CPU.Build.0 = Debug|Any CPU
		{AADD5D95-83C0-4B52-9452-740BAB215142}.Release|Any CPU.ActiveCfg = Release|Any CPU
		{AADD5D95-83C0-4B52-9452-740BAB215142}.Release|Any CPU.Build.0 = Release|Any CPU
	EndGlobalSection
EndGlobal
